<?xml version="1.0" encoding="UTF-8"?>
<CONFIG>
  <ProjectOptions>
    <Version Value="9"/>
    <PathDelim Value="\"/>
    <General>
      <SessionStorage Value="InProjectDir"/>
      <MainUnit Value="0"/>
      <Title Value="test"/>
      <ResourceType Value="res"/>
      <UseXPManifest Value="True"/>
    </General>
    <i18n>
      <EnableI18N LFM="False"/>
    </i18n>
    <VersionInfo>
      <StringTable ProductVersion=""/>
    </VersionInfo>
    <BuildModes Count="1">
      <Item1 Name="Default" Default="True"/>
    </BuildModes>
    <PublishOptions>
      <Version Value="2"/>
    </PublishOptions>
    <RunParams>
      <local>
        <FormatVersion Value="1"/>
      </local>
    </RunParams>
    <RequiredPackages Count="4">
      <Item1>
        <PackageName Value="ideinspector"/>
      </Item1>
      <Item2>
        <PackageName Value="fpcunittestrunner"/>
      </Item2>
      <Item3>
        <PackageName Value="LCL"/>
      </Item3>
      <Item4>
        <PackageName Value="FCL"/>
      </Item4>
    </RequiredPackages>
    <Units Count="11">
      <Unit0>
        <Filename Value="test.lpr"/>
        <IsPartOfProject Value="True"/>
      </Unit0>
      <Unit1>
        <Filename Value="test_controls.pas"/>
        <IsPartOfProject Value="True"/>
        <UnitName Value="Test_Controls"/>
      </Unit1>
      <Unit2>
        <Filename Value="test_methods.pas"/>
        <IsPartOfProject Value="True"/>
        <UnitName Value="Test_Methods"/>
      </Unit2>
      <Unit3>
        <Filename Value="winpropeditor.pas"/>
        <IsPartOfProject Value="True"/>
        <ComponentName Value="WndPropEditor"/>
        <HasResources Value="True"/>
        <ResourceBaseClass Value="Form"/>
        <UnitName Value="WinPropEditor"/>
      </Unit3>
      <Unit4>
        <Filename Value="..\oritabs.pas"/>
        <IsPartOfProject Value="True"/>
      </Unit4>
      <Unit5>
        <Filename Value="..\orieditors.pas"/>
        <IsPartOfProject Value="True"/>
      </Unit5>
      <Unit6>
        <Filename Value="test_oriutils_gui.pas"/>
        <IsPartOfProject Value="True"/>
        <UnitName Value="Test_OriUtils_Gui"/>
      </Unit6>
      <Unit7>
        <Filename Value="..\oriutils_gui.pas"/>
        <IsPartOfProject Value="True"/>
        <UnitName Value="OriUtils_Gui"/>
      </Unit7>
      <Unit8>
        <Filename Value="wincolormixer.pas"/>
        <IsPartOfProject Value="True"/>
        <ComponentName Value="WndTestColors"/>
        <HasResources Value="True"/>
        <ResourceBaseClass Value="Form"/>
        <UnitName Value="WinColorMixer"/>
      </Unit8>
      <Unit9>
        <Filename Value="test_windows.pas"/>
        <IsPartOfProject Value="True"/>
        <UnitName Value="Test_Windows"/>
      </Unit9>
      <Unit10>
        <Filename Value="..\origraphics.pas"/>
        <IsPartOfProject Value="True"/>
        <UnitName Value="OriGraphics"/>
      </Unit10>
    </Units>
  </ProjectOptions>
  <CompilerOptions>
    <Version Value="11"/>
    <PathDelim Value="\"/>
    <Target>
      <Filename Value="test"/>
    </Target>
    <SearchPaths>
      <IncludeFiles Value="$(ProjOutDir)"/>
      <OtherUnitFiles Value=".."/>
      <UnitOutputDirectory Value="__obj"/>
    </SearchPaths>
  </CompilerOptions>
  <Debugging>
    <Exceptions Count="3">
      <Item1>
        <Name Value="EAbort"/>
      </Item1>
      <Item2>
        <Name Value="ECodetoolError"/>
      </Item2>
      <Item3>
        <Name Value="EFOpenError"/>
      </Item3>
    </Exceptions>
  </Debugging>
</CONFIG>
